{
  "version": 4,
  "terraform_version": "1.1.3",
  "serial": 9,
  "lineage": "f84aff10-edb4-ef08-5fce-0cd9f2a1cb42",
  "outputs": {},
  "resources": [
    {
      "mode": "data",
      "type": "vsphere_datacenter",
      "name": "dc",
      "provider": "provider[\"registry.terraform.io/hashicorp/vsphere\"]",
      "instances": [
        {
          "schema_version": 0,
          "attributes": {
            "id": "ha-datacenter",
            "name": "ha-datacenter"
          },
          "sensitive_attributes": []
        }
      ]
    },
    {
      "mode": "data",
      "type": "vsphere_datastore",
      "name": "datastore",
      "provider": "provider[\"registry.terraform.io/hashicorp/vsphere\"]",
      "instances": [
        {
          "schema_version": 0,
          "attributes": {
            "datacenter_id": "ha-datacenter",
            "id": "61e0c8ea-a12b900a-b45a-0800276098ca",
            "name": "datastore2"
          },
          "sensitive_attributes": []
        }
      ]
    },
    {
      "mode": "data",
      "type": "vsphere_host",
      "name": "h1",
      "provider": "provider[\"registry.terraform.io/hashicorp/vsphere\"]",
      "instances": [
        {
          "schema_version": 0,
          "attributes": {
            "datacenter_id": "ha-datacenter",
            "id": "ha-host",
            "name": "myesxi1",
            "resource_pool_id": "ha-root-pool"
          },
          "sensitive_attributes": []
        }
      ]
    },
    {
      "mode": "data",
      "type": "vsphere_network",
      "name": "mgmt_lan",
      "provider": "provider[\"registry.terraform.io/hashicorp/vsphere\"]",
      "instances": [
        {
          "schema_version": 0,
          "attributes": {
            "datacenter_id": "ha-datacenter",
            "distributed_virtual_switch_uuid": null,
            "id": "HaNetwork-VM Network",
            "name": "VM Network",
            "type": "Network"
          },
          "sensitive_attributes": []
        }
      ]
    },
    {
      "mode": "data",
      "type": "vsphere_resource_pool",
      "name": "pool",
      "provider": "provider[\"registry.terraform.io/hashicorp/vsphere\"]",
      "instances": [
        {
          "schema_version": 0,
          "attributes": {
            "datacenter_id": "ha-datacenter",
            "id": "ha-root-pool",
            "name": "cluster1/Resources"
          },
          "sensitive_attributes": []
        }
      ]
    },
    {
      "mode": "managed",
      "type": "vsphere_host_port_group",
      "name": "p1",
      "provider": "provider[\"registry.terraform.io/hashicorp/vsphere\"]",
      "instances": []
    },
    {
      "mode": "managed",
      "type": "vsphere_host_port_group",
      "name": "p2",
      "provider": "provider[\"registry.terraform.io/hashicorp/vsphere\"]",
      "instances": []
    },
    {
      "mode": "managed",
      "type": "vsphere_host_virtual_switch",
      "name": "hvs1",
      "provider": "provider[\"registry.terraform.io/hashicorp/vsphere\"]",
      "instances": [
        {
          "schema_version": 0,
          "attributes": {
            "active_nics": [
              "vmnic0"
            ],
            "allow_forged_transmits": true,
            "allow_mac_changes": true,
            "allow_promiscuous": false,
            "beacon_interval": 1,
            "check_beacon": false,
            "failback": true,
            "host_system_id": "ha-host",
            "id": "tf-HostVirtualSwitch:ha-host:vSwitch0",
            "link_discovery_operation": "listen",
            "link_discovery_protocol": "cdp",
            "mtu": 1500,
            "name": "vSwitch0",
            "network_adapters": [
              "vmnic0"
            ],
            "notify_switches": true,
            "number_of_ports": 128,
            "shaping_average_bandwidth": 0,
            "shaping_burst_size": 0,
            "shaping_enabled": false,
            "shaping_peak_bandwidth": 0,
            "standby_nics": [],
            "teaming_policy": "loadbalance_srcid"
          },
          "sensitive_attributes": [],
          "private": "eyJzY2hlbWFfdmVyc2lvbiI6IjAifQ=="
        }
      ]
    },
    {
      "mode": "managed",
      "type": "vsphere_virtual_machine",
      "name": "testvm",
      "provider": "provider[\"registry.terraform.io/hashicorp/vsphere\"]",
      "instances": [
        {
          "status": "tainted",
          "schema_version": 3,
          "attributes": {
            "alternate_guest_name": null,
            "annotation": null,
            "boot_delay": null,
            "boot_retry_delay": 10000,
            "boot_retry_enabled": null,
            "cdrom": [],
            "change_version": null,
            "clone": [],
            "cpu_hot_add_enabled": null,
            "cpu_hot_remove_enabled": null,
            "cpu_limit": -1,
            "cpu_performance_counters_enabled": null,
            "cpu_reservation": null,
            "cpu_share_count": null,
            "cpu_share_level": "normal",
            "custom_attributes": null,
            "datacenter_id": null,
            "datastore_cluster_id": null,
            "datastore_id": "61e0c8ea-a12b900a-b45a-0800276098ca",
            "default_ip_address": null,
            "disk": [
              {
                "attach": false,
                "controller_type": "scsi",
                "datastore_id": "\u003ccomputed\u003e",
                "device_address": "scsi:0:0",
                "disk_mode": "persistent",
                "disk_sharing": "sharingNone",
                "eagerly_scrub": false,
                "io_limit": -1,
                "io_reservation": 0,
                "io_share_count": 0,
                "io_share_level": "normal",
                "keep_on_remove": false,
                "key": -202,
                "label": "terraform-testvm.vmdk",
                "path": "",
                "size": 5,
                "storage_policy_id": "",
                "thin_provisioned": true,
                "unit_number": 0,
                "uuid": "",
                "write_through": false
              }
            ],
            "efi_secure_boot_enabled": null,
            "enable_disk_uuid": null,
            "enable_logging": null,
            "ept_rvi_mode": "automatic",
            "extra_config": null,
            "firmware": "bios",
            "folder": null,
            "force_power_off": true,
            "guest_id": "centos7_64Guest",
            "guest_ip_addresses": null,
            "hardware_version": null,
            "host_system_id": null,
            "hv_mode": "hvAuto",
            "id": "564d69df-20ad-ef7d-b15e-7eb89ef4bca5",
            "ide_controller_count": 2,
            "ignored_guest_ips": null,
            "imported": null,
            "latency_sensitivity": "normal",
            "memory": 1024,
            "memory_hot_add_enabled": null,
            "memory_limit": -1,
            "memory_reservation": null,
            "memory_share_count": null,
            "memory_share_level": "normal",
            "migrate_wait_timeout": 30,
            "moid": null,
            "name": "terraform-testvm",
            "nested_hv_enabled": null,
            "network_interface": [
              {
                "adapter_type": "vmxnet3",
                "bandwidth_limit": -1,
                "bandwidth_reservation": 0,
                "bandwidth_share_count": 0,
                "bandwidth_share_level": "normal",
                "device_address": "pci:0:7",
                "key": -203,
                "mac_address": "",
                "network_id": "HaNetwork-VM Network",
                "ovf_mapping": "",
                "use_static_mac": false
              }
            ],
            "num_cores_per_socket": 1,
            "num_cpus": 1,
            "ovf_deploy": [],
            "pci_device_id": null,
            "poweron_timeout": 300,
            "reboot_required": true,
            "replace_trigger": null,
            "resource_pool_id": "ha-root-pool",
            "run_tools_scripts_after_power_on": true,
            "run_tools_scripts_after_resume": true,
            "run_tools_scripts_before_guest_reboot": null,
            "run_tools_scripts_before_guest_shutdown": true,
            "run_tools_scripts_before_guest_standby": true,
            "sata_controller_count": 0,
            "scsi_bus_sharing": "noSharing",
            "scsi_controller_count": 1,
            "scsi_type": "pvscsi",
            "shutdown_wait_timeout": 3,
            "storage_policy_id": null,
            "swap_placement_policy": "inherit",
            "sync_time_with_host": null,
            "sync_time_with_host_periodically": null,
            "tags": null,
            "uuid": null,
            "vapp": [],
            "vapp_transport": null,
            "vbs_enabled": null,
            "vmware_tools_status": null,
            "vmx_path": null,
            "vvtd_enabled": null,
            "wait_for_guest_ip_timeout": 0,
            "wait_for_guest_net_routable": true,
            "wait_for_guest_net_timeout": 5
          },
          "sensitive_attributes": [],
          "private": "eyJzY2hlbWFfdmVyc2lvbiI6IjMifQ==",
          "dependencies": [
            "data.vsphere_datastore.datastore",
            "data.vsphere_network.mgmt_lan",
            "data.vsphere_resource_pool.pool"
          ]
        }
      ]
    },
    {
      "mode": "managed",
      "type": "vsphere_vnic",
      "name": "vmk1",
      "provider": "provider[\"registry.terraform.io/hashicorp/vsphere\"]",
      "instances": []
    },
    {
      "mode": "managed",
      "type": "vsphere_vnic",
      "name": "vmk2",
      "provider": "provider[\"registry.terraform.io/hashicorp/vsphere\"]",
      "instances": []
    }
  ]
}
