{
  "version": 4,
  "terraform_version": "1.1.3",
  "serial": 119,
  "lineage": "f84aff10-edb4-ef08-5fce-0cd9f2a1cb42",
  "outputs": {},
  "resources": [
    {
      "mode": "data",
      "type": "vsphere_resource_pool",
      "name": "pool",
      "provider": "provider[\"registry.terraform.io/hashicorp/vsphere\"]",
      "instances": [
        {
          "schema_version": 0,
          "attributes": {
            "datacenter_id": "ha-datacenter",
            "id": "ha-root-pool",
            "name": "cluster1/Resources"
          },
          "sensitive_attributes": []
        }
      ]
    },
    {
      "mode": "managed",
      "type": "vsphere_host_port_group",
      "name": "p1",
      "provider": "provider[\"registry.terraform.io/hashicorp/vsphere\"]",
      "instances": [
        {
          "status": "tainted",
          "schema_version": 0,
          "attributes": {
            "active_nics": null,
            "allow_forged_transmits": null,
            "allow_mac_changes": null,
            "allow_promiscuous": null,
            "check_beacon": null,
            "computed_policy": null,
            "failback": null,
            "host_system_id": "ha-host",
            "id": "tf-HostPortGroup:ha-host:VMK-iSCSI-vl-2425",
            "key": null,
            "name": "VMK-iSCSI-vl-2425",
            "notify_switches": null,
            "ports": null,
            "shaping_average_bandwidth": null,
            "shaping_burst_size": null,
            "shaping_enabled": null,
            "shaping_peak_bandwidth": null,
            "standby_nics": null,
            "teaming_policy": null,
            "virtual_switch_name": "vSwitch0",
            "vlan_id": 2425
          },
          "sensitive_attributes": [],
          "private": "bnVsbA==",
          "dependencies": [
            "data.vsphere_host.h1"
          ]
        }
      ]
    },
    {
      "mode": "managed",
      "type": "vsphere_host_port_group",
      "name": "p2",
      "provider": "provider[\"registry.terraform.io/hashicorp/vsphere\"]",
      "instances": [
        {
          "status": "tainted",
          "schema_version": 0,
          "attributes": {
            "active_nics": null,
            "allow_forged_transmits": null,
            "allow_mac_changes": null,
            "allow_promiscuous": null,
            "check_beacon": null,
            "computed_policy": null,
            "failback": null,
            "host_system_id": "ha-host",
            "id": "tf-HostPortGroup:ha-host:VMK-iSCSI-vl-2426",
            "key": null,
            "name": "VMK-iSCSI-vl-2426",
            "notify_switches": null,
            "ports": null,
            "shaping_average_bandwidth": null,
            "shaping_burst_size": null,
            "shaping_enabled": null,
            "shaping_peak_bandwidth": null,
            "standby_nics": null,
            "teaming_policy": null,
            "virtual_switch_name": "vSwitch0",
            "vlan_id": 2426
          },
          "sensitive_attributes": [],
          "private": "bnVsbA==",
          "dependencies": [
            "data.vsphere_host.h1"
          ]
        }
      ]
    },
    {
      "mode": "managed",
      "type": "vsphere_host_virtual_switch",
      "name": "hvs1",
      "provider": "provider[\"registry.terraform.io/hashicorp/vsphere\"]",
      "instances": [
        {
          "schema_version": 0,
          "attributes": {
            "active_nics": [
              "vmnic0"
            ],
            "allow_forged_transmits": true,
            "allow_mac_changes": true,
            "allow_promiscuous": false,
            "beacon_interval": 1,
            "check_beacon": false,
            "failback": true,
            "host_system_id": "ha-host",
            "id": "tf-HostVirtualSwitch:ha-host:vSwitch0",
            "link_discovery_operation": "listen",
            "link_discovery_protocol": "cdp",
            "mtu": 1500,
            "name": "vSwitch0",
            "network_adapters": [
              "vmnic1",
              "vmnic0"
            ],
            "notify_switches": true,
            "number_of_ports": 128,
            "shaping_average_bandwidth": 0,
            "shaping_burst_size": 0,
            "shaping_enabled": false,
            "shaping_peak_bandwidth": 0,
            "standby_nics": [
              "vmnic1"
            ],
            "teaming_policy": "loadbalance_srcid"
          },
          "sensitive_attributes": [],
          "private": "eyJzY2hlbWFfdmVyc2lvbiI6IjAifQ==",
          "dependencies": [
            "data.vsphere_datacenter.dc",
            "data.vsphere_host.h1"
          ]
        }
      ]
    },
    {
      "mode": "managed",
      "type": "vsphere_vnic",
      "name": "vmk1",
      "provider": "provider[\"registry.terraform.io/hashicorp/vsphere\"]",
      "instances": []
    },
    {
      "mode": "managed",
      "type": "vsphere_vnic",
      "name": "vmk2",
      "provider": "provider[\"registry.terraform.io/hashicorp/vsphere\"]",
      "instances": []
    }
  ]
}
